
Microsoft Visual Studio Solution File, Format Version 12.00
# Visual Studio Version 16
VisualStudioVersion = 16.0.31313.79
MinimumVisualStudioVersion = 10.0.40219.1
Project("{2150E333-8FDC-42A3-9474-1A3956D46DE8}") = "Services", "Services", "{B2EF216E-A7F3-433B-A436-B379D71B70FD}"
EndProject
Project("{2150E333-8FDC-42A3-9474-1A3956D46DE8}") = "Catalog", "Catalog", "{41B517A5-E448-4CE8-BABB-07C4F8E9D32C}"
EndProject
Project("{FAE04EC0-301F-11D3-BF4B-00C04F79EFBC}") = "Catalog.API", "Services\Catalog\Catalog.API\Catalog.API.csproj", "{387C03D0-3AE9-47BD-9BC8-4FCAD2BE0D49}"
EndProject
Project("{E53339B2-1760-4266-BCC7-CA923CBCF16C}") = "docker-compose", "docker-compose.dcproj", "{BDC05364-1975-43F2-8D28-81E91D25AB9F}"
EndProject
Project("{2150E333-8FDC-42A3-9474-1A3956D46DE8}") = "Basket", "Basket", "{E67FD528-BF2A-4234-A043-2BC4C51377CE}"
EndProject
Project("{FAE04EC0-301F-11D3-BF4B-00C04F79EFBC}") = "Basket.API", "Services\Basket\Basket.API\Basket.API.csproj", "{1278BAE6-AD2F-4D72-8823-EB31CD3822F1}"
EndProject
Global
	GlobalSection(SolutionConfigurationPlatforms) = preSolution
		Debug|Any CPU = Debug|Any CPU
		Release|Any CPU = Release|Any CPU
	EndGlobalSection
	GlobalSection(ProjectConfigurationPlatforms) = postSolution
		{387C03D0-3AE9-47BD-9BC8-4FCAD2BE0D49}.Debug|Any CPU.ActiveCfg = Debug|Any CPU
		{387C03D0-3AE9-47BD-9BC8-4FCAD2BE0D49}.Debug|Any CPU.Build.0 = Debug|Any CPU
		{387C03D0-3AE9-47BD-9BC8-4FCAD2BE0D49}.Release|Any CPU.ActiveCfg = Release|Any CPU
		{387C03D0-3AE9-47BD-9BC8-4FCAD2BE0D49}.Release|Any CPU.Build.0 = Release|Any CPU
		{BDC05364-1975-43F2-8D28-81E91D25AB9F}.Debug|Any CPU.ActiveCfg = Debug|Any CPU
		{BDC05364-1975-43F2-8D28-81E91D25AB9F}.Debug|Any CPU.Build.0 = Debug|Any CPU
		{BDC05364-1975-43F2-8D28-81E91D25AB9F}.Release|Any CPU.ActiveCfg = Release|Any CPU
		{BDC05364-1975-43F2-8D28-81E91D25AB9F}.Release|Any CPU.Build.0 = Release|Any CPU
		{1278BAE6-AD2F-4D72-8823-EB31CD3822F1}.Debug|Any CPU.ActiveCfg = Debug|Any CPU
		{1278BAE6-AD2F-4D72-8823-EB31CD3822F1}.Debug|Any CPU.Build.0 = Debug|Any CPU
		{1278BAE6-AD2F-4D72-8823-EB31CD3822F1}.Release|Any CPU.ActiveCfg = Release|Any CPU
		{1278BAE6-AD2F-4D72-8823-EB31CD3822F1}.Release|Any CPU.Build.0 = Release|Any CPU
	EndGlobalSection
	GlobalSection(SolutionProperties) = preSolution
		HideSolutionNode = FALSE
	EndGlobalSection
	GlobalSection(NestedProjects) = preSolution
		{41B517A5-E448-4CE8-BABB-07C4F8E9D32C} = {B2EF216E-A7F3-433B-A436-B379D71B70FD}
		{387C03D0-3AE9-47BD-9BC8-4FCAD2BE0D49} = {41B517A5-E448-4CE8-BABB-07C4F8E9D32C}
		{E67FD528-BF2A-4234-A043-2BC4C51377CE} = {B2EF216E-A7F3-433B-A436-B379D71B70FD}
		{1278BAE6-AD2F-4D72-8823-EB31CD3822F1} = {E67FD528-BF2A-4234-A043-2BC4C51377CE}
	EndGlobalSection
	GlobalSection(ExtensibilityGlobals) = postSolution
		SolutionGuid = {25A13E44-7313-4298-858A-D88E63074B77}
	EndGlobalSection
EndGlobal
